// !$*UTF8*$!
{
	archiveVersion = 1;
	classes = {
	};
	objectVersion = 55;
	objects = {

/* Begin PBXBuildFile section */
		AB0553AF2851E3AB0029098D /* Photo.swift in Sources */ = {isa = PBXBuildFile; fileRef = AB0553AE2851E3AB0029098D /* Photo.swift */; };
		AB0553B12852114C0029098D /* DetailViewController.swift in Sources */ = {isa = PBXBuildFile; fileRef = AB0553B02852114C0029098D /* DetailViewController.swift */; };
		ABCED1832850F34E0096A7D5 /* AppDelegate.swift in Sources */ = {isa = PBXBuildFile; fileRef = ABCED1822850F34E0096A7D5 /* AppDelegate.swift */; };
		ABCED1852850F34E0096A7D5 /* SceneDelegate.swift in Sources */ = {isa = PBXBuildFile; fileRef = ABCED1842850F34E0096A7D5 /* SceneDelegate.swift */; };
		ABCED1872850F34E0096A7D5 /* ViewController.swift in Sources */ = {isa = PBXBuildFile; fileRef = ABCED1862850F34E0096A7D5 /* ViewController.swift */; };
		ABCED18A2850F34E0096A7D5 /* Main.storyboard in Resources */ = {isa = PBXBuildFile; fileRef = ABCED1882850F34E0096A7D5 /* Main.storyboard */; };
		ABCED18C2850F34F0096A7D5 /* Assets.xcassets in Resources */ = {isa = PBXBuildFile; fileRef = ABCED18B2850F34F0096A7D5 /* Assets.xcassets */; };
		ABCED18F2850F34F0096A7D5 /* LaunchScreen.storyboard in Resources */ = {isa = PBXBuildFile; fileRef = ABCED18D2850F34F0096A7D5 /* LaunchScreen.storyboard */; };
		ABCED1972850FF100096A7D5 /* PhotoCell.swift in Sources */ = {isa = PBXBuildFile; fileRef = ABCED1962850FF100096A7D5 /* PhotoCell.swift */; };
/* End PBXBuildFile section */

/* Begin PBXFileReference section */
		AB0553AE2851E3AB0029098D /* Photo.swift */ = {isa = PBXFileReference; lastKnownFileType = sourcecode.swift; path = Photo.swift; sourceTree = SOURCE_ROOT; };
		AB0553B02852114C0029098D /* DetailViewController.swift */ = {isa = PBXFileReference; lastKnownFileType = sourcecode.swift; path = DetailViewController.swift; sourceTree = "<group>"; };
		ABCED17F2850F34E0096A7D5 /*  Projects 10-12.app */ = {isa = PBXFileReference; explicitFileType = wrapper.application; includeInIndex = 0; path = " Projects 10-12.app"; sourceTree = BUILT_PRODUCTS_DIR; };
		ABCED1822850F34E0096A7D5 /* AppDelegate.swift */ = {isa = PBXFileReference; lastKnownFileType = sourcecode.swift; path = AppDelegate.swift; sourceTree = "<group>"; };
		ABCED1842850F34E0096A7D5 /* SceneDelegate.swift */ = {isa = PBXFileReference; lastKnownFileType = sourcecode.swift; path = SceneDelegate.swift; sourceTree = "<group>"; };
		ABCED1862850F34E0096A7D5 /* ViewController.swift */ = {isa = PBXFileReference; lastKnownFileType = sourcecode.swift; path = ViewController.swift; sourceTree = "<group>"; };
		ABCED1892850F34E0096A7D5 /* Base */ = {isa = PBXFileReference; lastKnownFileType = file.storyboard; name = Base; path = Base.lproj/Main.storyboard; sourceTree = "<group>"; };
		ABCED18B2850F34F0096A7D5 /* Assets.xcassets */ = {isa = PBXFileReference; lastKnownFileType = folder.assetcatalog; path = Assets.xcassets; sourceTree = "<group>"; };
		ABCED18E2850F34F0096A7D5 /* Base */ = {isa = PBXFileReference; lastKnownFileType = file.storyboard; name = Base; path = Base.lproj/LaunchScreen.storyboard; sourceTree = "<group>"; };
		ABCED1902850F34F0096A7D5 /* Info.plist */ = {isa = PBXFileReference; lastKnownFileType = text.plist.xml; path = Info.plist; sourceTree = "<group>"; };
		ABCED1962850FF100096A7D5 /* PhotoCell.swift */ = {isa = PBXFileReference; lastKnownFileType = sourcecode.swift; path = PhotoCell.swift; sourceTree = SOURCE_ROOT; };
/* End PBXFileReference section */

/* Begin PBXFrameworksBuildPhase section */
		ABCED17C2850F34E0096A7D5 /* Frameworks */ = {
			isa = PBXFrameworksBuildPhase;
			buildActionMask = 2147483647;
			files = (
			);
			runOnlyForDeploymentPostprocessing = 0;
		};
/* End PBXFrameworksBuildPhase section */

/* Begin PBXGroup section */
		ABCED1762850F34E0096A7D5 = {
			isa = PBXGroup;
			children = (
				ABCED1812850F34E0096A7D5 /*  Projects 10-12 */,
				ABCED1802850F34E0096A7D5 /* Products */,
			);
			sourceTree = "<group>";
		};
		ABCED1802850F34E0096A7D5 /* Products */ = {
			isa = PBXGroup;
			children = (
				ABCED17F2850F34E0096A7D5 /*  Projects 10-12.app */,
			);
			name = Products;
			sourceTree = "<group>";
		};
		ABCED1812850F34E0096A7D5 /*  Projects 10-12 */ = {
			isa = PBXGroup;
			children = (
				ABCED1822850F34E0096A7D5 /* AppDelegate.swift */,
				ABCED1842850F34E0096A7D5 /* SceneDelegate.swift */,
				ABCED1862850F34E0096A7D5 /* ViewController.swift */,
				AB0553B02852114C0029098D /* DetailViewController.swift */,
				ABCED1962850FF100096A7D5 /* PhotoCell.swift */,
				AB0553AE2851E3AB0029098D /* Photo.swift */,
				ABCED1882850F34E0096A7D5 /* Main.storyboard */,
				ABCED18B2850F34F0096A7D5 /* Assets.xcassets */,
				ABCED18D2850F34F0096A7D5 /* LaunchScreen.storyboard */,
				ABCED1902850F34F0096A7D5 /* Info.plist */,
			);
			path = " Projects 10-12";
			sourceTree = "<group>";
		};
/* End PBXGroup section */

/* Begin PBXNativeTarget section */
		ABCED17E2850F34E0096A7D5 /*  Projects 10-12 */ = {
			isa = PBXNativeTarget;
			buildConfigurationList = ABCED1932850F34F0096A7D5 /* Build configuration list for PBXNativeTarget " Projects 10-12" */;
			buildPhases = (
				ABCED17B2850F34E0096A7D5 /* Sources */,
				ABCED17C2850F34E0096A7D5 /* Frameworks */,
				ABCED17D2850F34E0096A7D5 /* Resources */,
			);
			buildRules = (
			);
			dependencies = (
			);
			name = " Projects 10-12";
			productName = " Projects 10-12";
			productReference = ABCED17F2850F34E0096A7D5 /*  Projects 10-12.app */;
			productType = "com.apple.product-type.application";
		};
/* End PBXNativeTarget section */

/* Begin PBXProject section */
		ABCED1772850F34E0096A7D5 /* Project object */ = {
			isa = PBXProject;
			attributes = {
				BuildIndependentTargetsInParallel = 1;
				LastSwiftUpdateCheck = 1330;
				LastUpgradeCheck = 1330;
				TargetAttributes = {
					ABCED17E2850F34E0096A7D5 = {
						CreatedOnToolsVersion = 13.3.1;
					};
				};
			};
			buildConfigurationList = ABCED17A2850F34E0096A7D5 /* Build configuration list for PBXProject " Projects 10-12" */;
			compatibilityVersion = "Xcode 13.0";
			developmentRegion = en;
			hasScannedForEncodings = 0;
			knownRegions = (
				en,
				Base,
			);
			mainGroup = ABCED1762850F34E0096A7D5;
			productRefGroup = ABCED1802850F34E0096A7D5 /* Products */;
			projectDirPath = "";
			projectRoot = "";
			targets = (
				ABCED17E2850F34E0096A7D5 /*  Projects 10-12 */,
			);
		};
/* End PBXProject section */

/* Begin PBXResourcesBuildPhase section */
		ABCED17D2850F34E0096A7D5 /* Resources */ = {
			isa = PBXResourcesBuildPhase;
			buildActionMask = 2147483647;
			files = (
				ABCED18F2850F34F0096A7D5 /* LaunchScreen.storyboard in Resources */,
				ABCED18C2850F34F0096A7D5 /* Assets.xcassets in Resources */,
				ABCED18A2850F34E0096A7D5 /* Main.storyboard in Resources */,
			);
			runOnlyForDeploymentPostprocessing = 0;
		};
/* End PBXResourcesBuildPhase section */

/* Begin PBXSourcesBuildPhase section */
		ABCED17B2850F34E0096A7D5 /* Sources */ = {
			isa = PBXSourcesBuildPhase;
			buildActionMask = 2147483647;
			files = (
				ABCED1972850FF100096A7D5 /* PhotoCell.swift in Sources */,
				ABCED1872850F34E0096A7D5 /* ViewController.swift in Sources */,
				ABCED1832850F34E0096A7D5 /* AppDelegate.swift in Sources */,
				AB0553B12852114C0029098D /* DetailViewController.swift in Sources */,
				ABCED1852850F34E0096A7D5 /* SceneDelegate.swift in Sources */,
				AB0553AF2851E3AB0029098D /* Photo.swift in Sources */,
			);
			runOnlyForDeploymentPostprocessing = 0;
		};
/* End PBXSourcesBuildPhase section */

/* Begin PBXVariantGroup section */
		ABCED1882850F34E0096A7D5 /* Main.storyboard */ = {
			isa = PBXVariantGroup;
			children = (
				ABCED1892850F34E0096A7D5 /* Base */,
			);
			name = Main.storyboard;
			sourceTree = "<group>";
		};
		ABCED18D2850F34F0096A7D5 /* LaunchScreen.storyboard */ = {
			isa = PBXVariantGroup;
			children = (
				ABCED18E2850F34F0096A7D5 /* Base */,
			);
			name = LaunchScreen.storyboard;
			sourceTree = "<group>";
		};
/* End PBXVariantGroup section */

/* Begin XCBuildConfiguration section */
		ABCED1912850F34F0096A7D5 /* Debug */ = {
			isa = XCBuildConfiguration;
			buildSettings = {
				ALWAYS_SEARCH_USER_PATHS = NO;
				CLANG_ANALYZER_NONNULL = YES;
				CLANG_ANALYZER_NUMBER_OBJECT_CONVERSION = YES_AGGRESSIVE;
				CLANG_CXX_LANGUAGE_STANDARD = "gnu++17";
				CLANG_ENABLE_MODULES = YES;
				CLANG_ENABLE_OBJC_ARC = YES;
				CLANG_ENABLE_OBJC_WEAK = YES;
				CLANG_WARN_BLOCK_CAPTURE_AUTORELEASING = YES;
				CLANG_WARN_BOOL_CONVERSION = YES;
				CLANG_WARN_COMMA = YES;
				CLANG_WARN_CONSTANT_CONVERSION = YES;
				CLANG_WARN_DEPRECATED_OBJC_IMPLEMENTATIONS = YES;
				CLANG_WARN_DIRECT_OBJC_ISA_USAGE = YES_ERROR;
				CLANG_WARN_DOCUMENTATION_COMMENTS = YES;
				CLANG_WARN_EMPTY_BODY = YES;
				CLANG_WARN_ENUM_CONVERSION = YES;
				CLANG_WARN_INFINITE_RECURSION = YES;
				CLANG_WARN_INT_CONVERSION = YES;
				CLANG_WARN_NON_LITERAL_NULL_CONVERSION = YES;
				CLANG_WARN_OBJC_IMPLICIT_RETAIN_SELF = YES;
				CLANG_WARN_OBJC_LITERAL_CONVERSION = YES;
				CLANG_WARN_OBJC_ROOT_CLASS = YES_ERROR;
				CLANG_WARN_QUOTED_INCLUDE_IN_FRAMEWORK_HEADER = YES;
				CLANG_WARN_RANGE_LOOP_ANALYSIS = YES;
				CLANG_WARN_STRICT_PROTOTYPES = YES;
				CLANG_WARN_SUSPICIOUS_MOVE = YES;
				CLANG_WARN_UNGUARDED_AVAILABILITY = YES_AGGRESSIVE;
				CLANG_WARN_UNREACHABLE_CODE = YES;
				CLANG_WARN__DUPLICATE_METHOD_MATCH = YES;
				COPY_PHASE_STRIP = NO;
				DEBUG_INFORMATION_FORMAT = dwarf;
				ENABLE_STRICT_OBJC_MSGSEND = YES;
				ENABLE_TESTABILITY = YES;
				GCC_C_LANGUAGE_STANDARD = gnu11;
				GCC_DYNAMIC_NO_PIC = NO;
				GCC_NO_COMMON_BLOCKS = YES;
				GCC_OPTIMIZATION_LEVEL = 0;
				GCC_PREPROCESSOR_DEFINITIONS = (
					"DEBUG=1",
					"$(inherited)",
				);
				GCC_WARN_64_TO_32_BIT_CONVERSION = YES;
				GCC_WARN_ABOUT_RETURN_TYPE = YES_ERROR;
				GCC_WARN_UNDECLARED_SELECTOR = YES;
				GCC_WARN_UNINITIALIZED_AUTOS = YES_AGGRESSIVE;
				GCC_WARN_UNUSED_FUNCTION = YES;
				GCC_WARN_UNUSED_VARIABLE = YES;
				IPHONEOS_DEPLOYMENT_TARGET = 15.4;
				MTL_ENABLE_DEBUG_INFO = INCLUDE_SOURCE;
				MTL_FAST_MATH = YES;
				ONLY_ACTIVE_ARCH = YES;
				SDKROOT = iphoneos;
				SWIFT_ACTIVE_COMPILATION_CONDITIONS = DEBUG;
				SWIFT_OPTIMIZATION_LEVEL = "-Onone";
			};
			name = Debug;
		};
		ABCED1922850F34F0096A7D5 /* Release */ = {
			isa = XCBuildConfiguration;
			buildSettings = {
				ALWAYS_SEARCH_USER_PATHS = NO;
				CLANG_ANALYZER_NONNULL = YES;
				CLANG_ANALYZER_NUMBER_OBJECT_CONVERSION = YES_AGGRESSIVE;
				CLANG_CXX_LANGUAGE_STANDARD = "gnu++17";
				CLANG_ENABLE_MODULES = YES;
				CLANG_ENABLE_OBJC_ARC = YES;
				CLANG_ENABLE_OBJC_WEAK = YES;
				CLANG_WARN_BLOCK_CAPTURE_AUTORELEASING = YES;
				CLANG_WARN_BOOL_CONVERSION = YES;
				CLANG_WARN_COMMA = YES;
				CLANG_WARN_CONSTANT_CONVERSION = YES;
				CLANG_WARN_DEPRECATED_OBJC_IMPLEMENTATIONS = YES;
				CLANG_WARN_DIRECT_OBJC_ISA_USAGE = YES_ERROR;
				CLANG_WARN_DOCUMENTATION_COMMENTS = YES;
				CLANG_WARN_EMPTY_BODY = YES;
				CLANG_WARN_ENUM_CONVERSION = YES;
				CLANG_WARN_INFINITE_RECURSION = YES;
				CLANG_WARN_INT_CONVERSION = YES;
				CLANG_WARN_NON_LITERAL_NULL_CONVERSION = YES;
				CLANG_WARN_OBJC_IMPLICIT_RETAIN_SELF = YES;
				CLANG_WARN_OBJC_LITERAL_CONVERSION = YES;
				CLANG_WARN_OBJC_ROOT_CLASS = YES_ERROR;
				CLANG_WARN_QUOTED_INCLUDE_IN_FRAMEWORK_HEADER = YES;
				CLANG_WARN_RANGE_LOOP_ANALYSIS = YES;
				CLANG_WARN_STRICT_PROTOTYPES = YES;
				CLANG_WARN_SUSPICIOUS_MOVE = YES;
				CLANG_WARN_UNGUARDED_AVAILABILITY = YES_AGGRESSIVE;
				CLANG_WARN_UNREACHABLE_CODE = YES;
				CLANG_WARN__DUPLICATE_METHOD_MATCH = YES;
				COPY_PHASE_STRIP = NO;
				DEBUG_INFORMATION_FORMAT = "dwarf-with-dsym";
				ENABLE_NS_ASSERTIONS = NO;
				ENABLE_STRICT_OBJC_MSGSEND = YES;
				GCC_C_LANGUAGE_STANDARD = gnu11;
				GCC_NO_COMMON_BLOCKS = YES;
				GCC_WARN_64_TO_32_BIT_CONVERSION = YES;
				GCC_WARN_ABOUT_RETURN_TYPE = YES_ERROR;
				GCC_WARN_UNDECLARED_SELECTOR = YES;
				GCC_WARN_UNINITIALIZED_AUTOS = YES_AGGRESSIVE;
				GCC_WARN_UNUSED_FUNCTION = YES;
				GCC_WARN_UNUSED_VARIABLE = YES;
				IPHONEOS_DEPLOYMENT_TARGET = 15.4;
				MTL_ENABLE_DEBUG_INFO = NO;
				MTL_FAST_MATH = YES;
				SDKROOT = iphoneos;
				SWIFT_COMPILATION_MODE = wholemodule;
				SWIFT_OPTIMIZATION_LEVEL = "-O";
				VALIDATE_PRODUCT = YES;
			};
			name = Release;
		};
		ABCED1942850F34F0096A7D5 /* Debug */ = {
			isa = XCBuildConfiguration;
			buildSettings = {
				ASSETCATALOG_COMPILER_APPICON_NAME = AppIcon;
				ASSETCATALOG_COMPILER_GLOBAL_ACCENT_COLOR_NAME = AccentColor;
				CODE_SIGN_STYLE = Automatic;
				CURRENT_PROJECT_VERSION = 1;
				DEVELOPMENT_TEAM = 595NK55QRF;
				GENERATE_INFOPLIST_FILE = YES;
				INFOPLIST_FILE = " Projects 10-12/Info.plist";
				INFOPLIST_KEY_UIApplicationSupportsIndirectInputEvents = YES;
				INFOPLIST_KEY_UILaunchStoryboardName = LaunchScreen;
				INFOPLIST_KEY_UIMainStoryboardFile = Main;
				INFOPLIST_KEY_UISupportedInterfaceOrientations_iPad = "UIInterfaceOrientationPortrait UIInterfaceOrientationPortraitUpsideDown UIInterfaceOrientationLandscapeLeft UIInterfaceOrientationLandscapeRight";
				INFOPLIST_KEY_UISupportedInterfaceOrientations_iPhone = "UIInterfaceOrientationPortrait UIInterfaceOrientationLandscapeLeft UIInterfaceOrientationLandscapeRight";
				LD_RUNPATH_SEARCH_PATHS = (
					"$(inherited)",
					"@executable_path/Frameworks",
				);
				MARKETING_VERSION = 1.0;
				PRODUCT_BUNDLE_IDENTIFIER = "com.example.-Projects-10-12";
				PRODUCT_NAME = "$(TARGET_NAME)";
				SWIFT_EMIT_LOC_STRINGS = YES;
				SWIFT_VERSION = 5.0;
				TARGETED_DEVICE_FAMILY = "1,2";
			};
			name = Debug;
		};
		ABCED1952850F34F0096A7D5 /* Release */ = {
			isa = XCBuildConfiguration;
			buildSettings = {
				ASSETCATALOG_COMPILER_APPICON_NAME = AppIcon;
				ASSETCATALOG_COMPILER_GLOBAL_ACCENT_COLOR_NAME = AccentColor;
				CODE_SIGN_STYLE = Automatic;
				CURRENT_PROJECT_VERSION = 1;
				DEVELOPMENT_TEAM = 595NK55QRF;
				GENERATE_INFOPLIST_FILE = YES;
				INFOPLIST_FILE = " Projects 10-12/Info.plist";
				INFOPLIST_KEY_UIApplicationSupportsIndirectInputEvents = YES;
				INFOPLIST_KEY_UILaunchStoryboardName = LaunchScreen;
				INFOPLIST_KEY_UIMainStoryboardFile = Main;
				INFOPLIST_KEY_UISupportedInterfaceOrientations_iPad = "UIInterfaceOrientationPortrait UIInterfaceOrientationPortraitUpsideDown UIInterfaceOrientationLandscapeLeft UIInterfaceOrientationLandscapeRight";
				INFOPLIST_KEY_UISupportedInterfaceOrientations_iPhone = "UIInterfaceOrientationPortrait UIInterfaceOrientationLandscapeLeft UIInterfaceOrientationLandscapeRight";
				LD_RUNPATH_SEARCH_PATHS = (
					"$(inherited)",
					"@executable_path/Frameworks",
				);
				MARKETING_VERSION = 1.0;
				PRODUCT_BUNDLE_IDENTIFIER = "com.example.-Projects-10-12";
				PRODUCT_NAME = "$(TARGET_NAME)";
				SWIFT_EMIT_LOC_STRINGS = YES;
				SWIFT_VERSION = 5.0;
				TARGETED_DEVICE_FAMILY = "1,2";
			};
			name = Release;
		};
/* End XCBuildConfiguration section */

/* Begin XCConfigurationList section */
		ABCED17A2850F34E0096A7D5 /* Build configuration list for PBXProject " Projects 10-12" */ = {
			isa = XCConfigurationList;
			buildConfigurations = (
				ABCED1912850F34F0096A7D5 /* Debug */,
				ABCED1922850F34F0096A7D5 /* Release */,
			);
			defaultConfigurationIsVisible = 0;
			defaultConfigurationName = Release;
		};
		ABCED1932850F34F0096A7D5 /* Build configuration list for PBXNativeTarget " Projects 10-12" */ = {
			isa = XCConfigurationList;
			buildConfigurations = (
				ABCED1942850F34F0096A7D5 /* Debug */,
				ABCED1952850F34F0096A7D5 /* Release */,
			);
			defaultConfigurationIsVisible = 0;
			defaultConfigurationName = Release;
		};
/* End XCConfigurationList section */
	};
	rootObject = ABCED1772850F34E0096A7D5 /* Project object */;
}
